
Microsoft Visual Studio Solution File, Format Version 12.00
# Visual Studio Version 17
VisualStudioVersion = 17.11.35431.28
MinimumVisualStudioVersion = 10.0.40219.1
Project("{8BC9CEB8-8B4A-11D0-8D11-00A0C91BC942}") = "Math Games", "Math Games.vcxproj", "{65971BAD-0593-4871-8A4A-68D8D9B5275B}"
EndProject
Global
	GlobalSection(SolutionConfigurationPlatforms) = preSolution
		Debug|x64 = Debug|x64
		Debug|x86 = Debug|x86
		Release|x64 = Release|x64
		Release|x86 = Release|x86
	EndGlobalSection
	GlobalSection(ProjectConfigurationPlatforms) = postSolution
		{65971BAD-0593-4871-8A4A-68D8D9B5275B}.Debug|x64.ActiveCfg = Debug|x64
		{65971BAD-0593-4871-8A4A-68D8D9B5275B}.Debug|x64.Build.0 = Debug|x64
		{65971BAD-0593-4871-8A4A-68D8D9B5275B}.Debug|x86.ActiveCfg = Debug|Win32
		{65971BAD-0593-4871-8A4A-68D8D9B5275B}.Debug|x86.Build.0 = Debug|Win32
		{65971BAD-0593-4871-8A4A-68D8D9B5275B}.Release|x64.ActiveCfg = Release|x64
		{65971BAD-0593-4871-8A4A-68D8D9B5275B}.Release|x64.Build.0 = Release|x64
		{65971BAD-0593-4871-8A4A-68D8D9B5275B}.Release|x86.ActiveCfg = Release|Win32
		{65971BAD-0593-4871-8A4A-68D8D9B5275B}.Release|x86.Build.0 = Release|Win32
	EndGlobalSection
	GlobalSection(SolutionProperties) = preSolution
		HideSolutionNode = FALSE
	EndGlobalSection
	GlobalSection(ExtensibilityGlobals) = postSolution
		SolutionGuid = {A2448865-6362-4FB9-8738-02A6DC045856}
	EndGlobalSection
EndGlobal
